// !$*UTF8*$!
{
	archiveVersion = 1;
	classes = {
	};
	objectVersion = 55;
	objects = {

/* Begin PBXBuildFile section */
		A4C2C2E12887E32E00196453 /* AppDelegate.swift in Sources */ = {isa = PBXBuildFile; fileRef = A4C2C2E02887E32E00196453 /* AppDelegate.swift */; };
		A4C2C2E32887E32E00196453 /* SceneDelegate.swift in Sources */ = {isa = PBXBuildFile; fileRef = A4C2C2E22887E32E00196453 /* SceneDelegate.swift */; };
		A4C2C2E52887E32E00196453 /* ViewController.swift in Sources */ = {isa = PBXBuildFile; fileRef = A4C2C2E42887E32E00196453 /* ViewController.swift */; };
		A4C2C2E82887E32E00196453 /* Main.storyboard in Resources */ = {isa = PBXBuildFile; fileRef = A4C2C2E62887E32E00196453 /* Main.storyboard */; };
		A4C2C2EA2887E33000196453 /* Assets.xcassets in Resources */ = {isa = PBXBuildFile; fileRef = A4C2C2E92887E33000196453 /* Assets.xcassets */; };
		A4C2C2ED2887E33000196453 /* LaunchScreen.storyboard in Resources */ = {isa = PBXBuildFile; fileRef = A4C2C2EB2887E33000196453 /* LaunchScreen.storyboard */; };
		A4C2C2F82887E33000196453 /* preworkTests.swift in Sources */ = {isa = PBXBuildFile; fileRef = A4C2C2F72887E33000196453 /* preworkTests.swift */; };
		A4C2C3022887E33000196453 /* preworkUITests.swift in Sources */ = {isa = PBXBuildFile; fileRef = A4C2C3012887E33000196453 /* preworkUITests.swift */; };
		A4C2C3042887E33000196453 /* preworkUITestsLaunchTests.swift in Sources */ = {isa = PBXBuildFile; fileRef = A4C2C3032887E33000196453 /* preworkUITestsLaunchTests.swift */; };
		A4C2C3132887EC1400196453 /* TipCalculator.swift in Sources */ = {isa = PBXBuildFile; fileRef = A4C2C3122887EC1400196453 /* TipCalculator.swift */; };
/* End PBXBuildFile section */

/* Begin PBXContainerItemProxy section */
		A4C2C2F42887E33000196453 /* PBXContainerItemProxy */ = {
			isa = PBXContainerItemProxy;
			containerPortal = A4C2C2D52887E32E00196453 /* Project object */;
			proxyType = 1;
			remoteGlobalIDString = A4C2C2DC2887E32E00196453;
			remoteInfo = prework;
		};
		A4C2C2FE2887E33000196453 /* PBXContainerItemProxy */ = {
			isa = PBXContainerItemProxy;
			containerPortal = A4C2C2D52887E32E00196453 /* Project object */;
			proxyType = 1;
			remoteGlobalIDString = A4C2C2DC2887E32E00196453;
			remoteInfo = prework;
		};
/* End PBXContainerItemProxy section */

/* Begin PBXFileReference section */
		A4C2C2DD2887E32E00196453 /* prework.app */ = {isa = PBXFileReference; explicitFileType = wrapper.application; includeInIndex = 0; path = prework.app; sourceTree = BUILT_PRODUCTS_DIR; };
		A4C2C2E02887E32E00196453 /* AppDelegate.swift */ = {isa = PBXFileReference; lastKnownFileType = sourcecode.swift; path = AppDelegate.swift; sourceTree = "<group>"; };
		A4C2C2E22887E32E00196453 /* SceneDelegate.swift */ = {isa = PBXFileReference; lastKnownFileType = sourcecode.swift; path = SceneDelegate.swift; sourceTree = "<group>"; };
		A4C2C2E42887E32E00196453 /* ViewController.swift */ = {isa = PBXFileReference; lastKnownFileType = sourcecode.swift; path = ViewController.swift; sourceTree = "<group>"; };
		A4C2C2E72887E32E00196453 /* Base */ = {isa = PBXFileReference; lastKnownFileType = file.storyboard; name = Base; path = Base.lproj/Main.storyboard; sourceTree = "<group>"; };
		A4C2C2E92887E33000196453 /* Assets.xcassets */ = {isa = PBXFileReference; lastKnownFileType = folder.assetcatalog; path = Assets.xcassets; sourceTree = "<group>"; };
		A4C2C2EC2887E33000196453 /* Base */ = {isa = PBXFileReference; lastKnownFileType = file.storyboard; name = Base; path = Base.lproj/LaunchScreen.storyboard; sourceTree = "<group>"; };
		A4C2C2EE2887E33000196453 /* Info.plist */ = {isa = PBXFileReference; lastKnownFileType = text.plist.xml; path = Info.plist; sourceTree = "<group>"; };
		A4C2C2F32887E33000196453 /* preworkTests.xctest */ = {isa = PBXFileReference; explicitFileType = wrapper.cfbundle; includeInIndex = 0; path = preworkTests.xctest; sourceTree = BUILT_PRODUCTS_DIR; };
		A4C2C2F72887E33000196453 /* preworkTests.swift */ = {isa = PBXFileReference; lastKnownFileType = sourcecode.swift; path = preworkTests.swift; sourceTree = "<group>"; };
		A4C2C2FD2887E33000196453 /* preworkUITests.xctest */ = {isa = PBXFileReference; explicitFileType = wrapper.cfbundle; includeInIndex = 0; path = preworkUITests.xctest; sourceTree = BUILT_PRODUCTS_DIR; };
		A4C2C3012887E33000196453 /* preworkUITests.swift */ = {isa = PBXFileReference; lastKnownFileType = sourcecode.swift; path = preworkUITests.swift; sourceTree = "<group>"; };
		A4C2C3032887E33000196453 /* preworkUITestsLaunchTests.swift */ = {isa = PBXFileReference; lastKnownFileType = sourcecode.swift; path = preworkUITestsLaunchTests.swift; sourceTree = "<group>"; };
		A4C2C3122887EC1400196453 /* TipCalculator.swift */ = {isa = PBXFileReference; lastKnownFileType = sourcecode.swift; path = TipCalculator.swift; sourceTree = "<group>"; };
/* End PBXFileReference section */

/* Begin PBXFrameworksBuildPhase section */
		A4C2C2DA2887E32E00196453 /* Frameworks */ = {
			isa = PBXFrameworksBuildPhase;
			buildActionMask = 2147483647;
			files = (
			);
			runOnlyForDeploymentPostprocessing = 0;
		};
		A4C2C2F02887E33000196453 /* Frameworks */ = {
			isa = PBXFrameworksBuildPhase;
			buildActionMask = 2147483647;
			files = (
			);
			runOnlyForDeploymentPostprocessing = 0;
		};
		A4C2C2FA2887E33000196453 /* Frameworks */ = {
			isa = PBXFrameworksBuildPhase;
			buildActionMask = 2147483647;
			files = (
			);
			runOnlyForDeploymentPostprocessing = 0;
		};
/* End PBXFrameworksBuildPhase section */

/* Begin PBXGroup section */
		A4C2C2D42887E32E00196453 = {
			isa = PBXGroup;
			children = (
				A4C2C2DF2887E32E00196453 /* prework */,
				A4C2C2F62887E33000196453 /* preworkTests */,
				A4C2C3002887E33000196453 /* preworkUITests */,
				A4C2C2DE2887E32E00196453 /* Products */,
			);
			sourceTree = "<group>";
		};
		A4C2C2DE2887E32E00196453 /* Products */ = {
			isa = PBXGroup;
			children = (
				A4C2C2DD2887E32E00196453 /* prework.app */,
				A4C2C2F32887E33000196453 /* preworkTests.xctest */,
				A4C2C2FD2887E33000196453 /* preworkUITests.xctest */,
			);
			name = Products;
			sourceTree = "<group>";
		};
		A4C2C2DF2887E32E00196453 /* prework */ = {
			isa = PBXGroup;
			children = (
				A4C2C2E02887E32E00196453 /* AppDelegate.swift */,
				A4C2C2E22887E32E00196453 /* SceneDelegate.swift */,
				A4C2C2E42887E32E00196453 /* ViewController.swift */,
				A4C2C2E62887E32E00196453 /* Main.storyboard */,
				A4C2C2E92887E33000196453 /* Assets.xcassets */,
				A4C2C2EB2887E33000196453 /* LaunchScreen.storyboard */,
				A4C2C2EE2887E33000196453 /* Info.plist */,
				A4C2C3122887EC1400196453 /* TipCalculator.swift */,
			);
			path = prework;
			sourceTree = "<group>";
		};
		A4C2C2F62887E33000196453 /* preworkTests */ = {
			isa = PBXGroup;
			children = (
				A4C2C2F72887E33000196453 /* preworkTests.swift */,
			);
			path = preworkTests;
			sourceTree = "<group>";
		};
		A4C2C3002887E33000196453 /* preworkUITests */ = {
			isa = PBXGroup;
			children = (
				A4C2C3012887E33000196453 /* preworkUITests.swift */,
				A4C2C3032887E33000196453 /* preworkUITestsLaunchTests.swift */,
			);
			path = preworkUITests;
			sourceTree = "<group>";
		};
/* End PBXGroup section */

/* Begin PBXNativeTarget section */
		A4C2C2DC2887E32E00196453 /* prework */ = {
			isa = PBXNativeTarget;
			buildConfigurationList = A4C2C3072887E33000196453 /* Build configuration list for PBXNativeTarget "prework" */;
			buildPhases = (
				A4C2C2D92887E32E00196453 /* Sources */,
				A4C2C2DA2887E32E00196453 /* Frameworks */,
				A4C2C2DB2887E32E00196453 /* Resources */,
			);
			buildRules = (
			);
			dependencies = (
			);
			name = prework;
			productName = prework;
			productReference = A4C2C2DD2887E32E00196453 /* prework.app */;
			productType = "com.apple.product-type.application";
		};
		A4C2C2F22887E33000196453 /* preworkTests */ = {
			isa = PBXNativeTarget;
			buildConfigurationList = A4C2C30A2887E33000196453 /* Build configuration list for PBXNativeTarget "preworkTests" */;
			buildPhases = (
				A4C2C2EF2887E33000196453 /* Sources */,
				A4C2C2F02887E33000196453 /* Frameworks */,
				A4C2C2F12887E33000196453 /* Resources */,
			);
			buildRules = (
			);
			dependencies = (
				A4C2C2F52887E33000196453 /* PBXTargetDependency */,
			);
			name = preworkTests;
			productName = preworkTests;
			productReference = A4C2C2F32887E33000196453 /* preworkTests.xctest */;
			productType = "com.apple.product-type.bundle.unit-test";
		};
		A4C2C2FC2887E33000196453 /* preworkUITests */ = {
			isa = PBXNativeTarget;
			buildConfigurationList = A4C2C30D2887E33000196453 /* Build configuration list for PBXNativeTarget "preworkUITests" */;
			buildPhases = (
				A4C2C2F92887E33000196453 /* Sources */,
				A4C2C2FA2887E33000196453 /* Frameworks */,
				A4C2C2FB2887E33000196453 /* Resources */,
			);
			buildRules = (
			);
			dependencies = (
				A4C2C2FF2887E33000196453 /* PBXTargetDependency */,
			);
			name = preworkUITests;
			productName = preworkUITests;
			productReference = A4C2C2FD2887E33000196453 /* preworkUITests.xctest */;
			productType = "com.apple.product-type.bundle.ui-testing";
		};
/* End PBXNativeTarget section */

/* Begin PBXProject section */
		A4C2C2D52887E32E00196453 /* Project object */ = {
			isa = PBXProject;
			attributes = {
				BuildIndependentTargetsInParallel = 1;
				LastSwiftUpdateCheck = 1340;
				LastUpgradeCheck = 1340;
				TargetAttributes = {
					A4C2C2DC2887E32E00196453 = {
						CreatedOnToolsVersion = 13.4.1;
					};
					A4C2C2F22887E33000196453 = {
						CreatedOnToolsVersion = 13.4.1;
						TestTargetID = A4C2C2DC2887E32E00196453;
					};
					A4C2C2FC2887E33000196453 = {
						CreatedOnToolsVersion = 13.4.1;
						TestTargetID = A4C2C2DC2887E32E00196453;
					};
				};
			};
			buildConfigurationList = A4C2C2D82887E32E00196453 /* Build configuration list for PBXProject "prework" */;
			compatibilityVersion = "Xcode 13.0";
			developmentRegion = en;
			hasScannedForEncodings = 0;
			knownRegions = (
				en,
				Base,
			);
			mainGroup = A4C2C2D42887E32E00196453;
			productRefGroup = A4C2C2DE2887E32E00196453 /* Products */;
			projectDirPath = "";
			projectRoot = "";
			targets = (
				A4C2C2DC2887E32E00196453 /* prework */,
				A4C2C2F22887E33000196453 /* preworkTests */,
				A4C2C2FC2887E33000196453 /* preworkUITests */,
			);
		};
/* End PBXProject section */

/* Begin PBXResourcesBuildPhase section */
		A4C2C2DB2887E32E00196453 /* Resources */ = {
			isa = PBXResourcesBuildPhase;
			buildActionMask = 2147483647;
			files = (
				A4C2C2ED2887E33000196453 /* LaunchScreen.storyboard in Resources */,
				A4C2C2EA2887E33000196453 /* Assets.xcassets in Resources */,
				A4C2C2E82887E32E00196453 /* Main.storyboard in Resources */,
			);
			runOnlyForDeploymentPostprocessing = 0;
		};
		A4C2C2F12887E33000196453 /* Resources */ = {
			isa = PBXResourcesBuildPhase;
			buildActionMask = 2147483647;
			files = (
			);
			runOnlyForDeploymentPostprocessing = 0;
		};
		A4C2C2FB2887E33000196453 /* Resources */ = {
			isa = PBXResourcesBuildPhase;
			buildActionMask = 2147483647;
			files = (
			);
			runOnlyForDeploymentPostprocessing = 0;
		};
/* End PBXResourcesBuildPhase section */

/* Begin PBXSourcesBuildPhase section */
		A4C2C2D92887E32E00196453 /* Sources */ = {
			isa = PBXSourcesBuildPhase;
			buildActionMask = 2147483647;
			files = (
				A4C2C2E52887E32E00196453 /* ViewController.swift in Sources */,
				A4C2C2E12887E32E00196453 /* AppDelegate.swift in Sources */,
				A4C2C2E32887E32E00196453 /* SceneDelegate.swift in Sources */,
				A4C2C3132887EC1400196453 /* TipCalculator.swift in Sources */,
			);
			runOnlyForDeploymentPostprocessing = 0;
		};
		A4C2C2EF2887E33000196453 /* Sources */ = {
			isa = PBXSourcesBuildPhase;
			buildActionMask = 2147483647;
			files = (
				A4C2C2F82887E33000196453 /* preworkTests.swift in Sources */,
			);
			runOnlyForDeploymentPostprocessing = 0;
		};
		A4C2C2F92887E33000196453 /* Sources */ = {
			isa = PBXSourcesBuildPhase;
			buildActionMask = 2147483647;
			files = (
				A4C2C3022887E33000196453 /* preworkUITests.swift in Sources */,
				A4C2C3042887E33000196453 /* preworkUITestsLaunchTests.swift in Sources */,
			);
			runOnlyForDeploymentPostprocessing = 0;
		};
/* End PBXSourcesBuildPhase section */

/* Begin PBXTargetDependency section */
		A4C2C2F52887E33000196453 /* PBXTargetDependency */ = {
			isa = PBXTargetDependency;
			target = A4C2C2DC2887E32E00196453 /* prework */;
			targetProxy = A4C2C2F42887E33000196453 /* PBXContainerItemProxy */;
		};
		A4C2C2FF2887E33000196453 /* PBXTargetDependency */ = {
			isa = PBXTargetDependency;
			target = A4C2C2DC2887E32E00196453 /* prework */;
			targetProxy = A4C2C2FE2887E33000196453 /* PBXContainerItemProxy */;
		};
/* End PBXTargetDependency section */

/* Begin PBXVariantGroup section */
		A4C2C2E62887E32E00196453 /* Main.storyboard */ = {
			isa = PBXVariantGroup;
			children = (
				A4C2C2E72887E32E00196453 /* Base */,
			);
			name = Main.storyboard;
			sourceTree = "<group>";
		};
		A4C2C2EB2887E33000196453 /* LaunchScreen.storyboard */ = {
			isa = PBXVariantGroup;
			children = (
				A4C2C2EC2887E33000196453 /* Base */,
			);
			name = LaunchScreen.storyboard;
			sourceTree = "<group>";
		};
/* End PBXVariantGroup section */

/* Begin XCBuildConfiguration section */
		A4C2C3052887E33000196453 /* Debug */ = {
			isa = XCBuildConfiguration;
			buildSettings = {
				ALWAYS_SEARCH_USER_PATHS = NO;
				CLANG_ANALYZER_NONNULL = YES;
				CLANG_ANALYZER_NUMBER_OBJECT_CONVERSION = YES_AGGRESSIVE;
				CLANG_CXX_LANGUAGE_STANDARD = "gnu++17";
				CLANG_ENABLE_MODULES = YES;
				CLANG_ENABLE_OBJC_ARC = YES;
				CLANG_ENABLE_OBJC_WEAK = YES;
				CLANG_WARN_BLOCK_CAPTURE_AUTORELEASING = YES;
				CLANG_WARN_BOOL_CONVERSION = YES;
				CLANG_WARN_COMMA = YES;
				CLANG_WARN_CONSTANT_CONVERSION = YES;
				CLANG_WARN_DEPRECATED_OBJC_IMPLEMENTATIONS = YES;
				CLANG_WARN_DIRECT_OBJC_ISA_USAGE = YES_ERROR;
				CLANG_WARN_DOCUMENTATION_COMMENTS = YES;
				CLANG_WARN_EMPTY_BODY = YES;
				CLANG_WARN_ENUM_CONVERSION = YES;
				CLANG_WARN_INFINITE_RECURSION = YES;
				CLANG_WARN_INT_CONVERSION = YES;
				CLANG_WARN_NON_LITERAL_NULL_CONVERSION = YES;
				CLANG_WARN_OBJC_IMPLICIT_RETAIN_SELF = YES;
				CLANG_WARN_OBJC_LITERAL_CONVERSION = YES;
				CLANG_WARN_OBJC_ROOT_CLASS = YES_ERROR;
				CLANG_WARN_QUOTED_INCLUDE_IN_FRAMEWORK_HEADER = YES;
				CLANG_WARN_RANGE_LOOP_ANALYSIS = YES;
				CLANG_WARN_STRICT_PROTOTYPES = YES;
				CLANG_WARN_SUSPICIOUS_MOVE = YES;
				CLANG_WARN_UNGUARDED_AVAILABILITY = YES_AGGRESSIVE;
				CLANG_WARN_UNREACHABLE_CODE = YES;
				CLANG_WARN__DUPLICATE_METHOD_MATCH = YES;
				COPY_PHASE_STRIP = NO;
				DEBUG_INFORMATION_FORMAT = dwarf;
				ENABLE_STRICT_OBJC_MSGSEND = YES;
				ENABLE_TESTABILITY = YES;
				GCC_C_LANGUAGE_STANDARD = gnu11;
				GCC_DYNAMIC_NO_PIC = NO;
				GCC_NO_COMMON_BLOCKS = YES;
				GCC_OPTIMIZATION_LEVEL = 0;
				GCC_PREPROCESSOR_DEFINITIONS = (
					"DEBUG=1",
					"$(inherited)",
				);
				GCC_WARN_64_TO_32_BIT_CONVERSION = YES;
				GCC_WARN_ABOUT_RETURN_TYPE = YES_ERROR;
				GCC_WARN_UNDECLARED_SELECTOR = YES;
				GCC_WARN_UNINITIALIZED_AUTOS = YES_AGGRESSIVE;
				GCC_WARN_UNUSED_FUNCTION = YES;
				GCC_WARN_UNUSED_VARIABLE = YES;
				IPHONEOS_DEPLOYMENT_TARGET = 15.5;
				MTL_ENABLE_DEBUG_INFO = INCLUDE_SOURCE;
				MTL_FAST_MATH = YES;
				ONLY_ACTIVE_ARCH = YES;
				SDKROOT = iphoneos;
				SWIFT_ACTIVE_COMPILATION_CONDITIONS = DEBUG;
				SWIFT_OPTIMIZATION_LEVEL = "-Onone";
			};
			name = Debug;
		};
		A4C2C3062887E33000196453 /* Release */ = {
			isa = XCBuildConfiguration;
			buildSettings = {
				ALWAYS_SEARCH_USER_PATHS = NO;
				CLANG_ANALYZER_NONNULL = YES;
				CLANG_ANALYZER_NUMBER_OBJECT_CONVERSION = YES_AGGRESSIVE;
				CLANG_CXX_LANGUAGE_STANDARD = "gnu++17";
				CLANG_ENABLE_MODULES = YES;
				CLANG_ENABLE_OBJC_ARC = YES;
				CLANG_ENABLE_OBJC_WEAK = YES;
				CLANG_WARN_BLOCK_CAPTURE_AUTORELEASING = YES;
				CLANG_WARN_BOOL_CONVERSION = YES;
				CLANG_WARN_COMMA = YES;
				CLANG_WARN_CONSTANT_CONVERSION = YES;
				CLANG_WARN_DEPRECATED_OBJC_IMPLEMENTATIONS = YES;
				CLANG_WARN_DIRECT_OBJC_ISA_USAGE = YES_ERROR;
				CLANG_WARN_DOCUMENTATION_COMMENTS = YES;
				CLANG_WARN_EMPTY_BODY = YES;
				CLANG_WARN_ENUM_CONVERSION = YES;
				CLANG_WARN_INFINITE_RECURSION = YES;
				CLANG_WARN_INT_CONVERSION = YES;
				CLANG_WARN_NON_LITERAL_NULL_CONVERSION = YES;
				CLANG_WARN_OBJC_IMPLICIT_RETAIN_SELF = YES;
				CLANG_WARN_OBJC_LITERAL_CONVERSION = YES;
				CLANG_WARN_OBJC_ROOT_CLASS = YES_ERROR;
				CLANG_WARN_QUOTED_INCLUDE_IN_FRAMEWORK_HEADER = YES;
				CLANG_WARN_RANGE_LOOP_ANALYSIS = YES;
				CLANG_WARN_STRICT_PROTOTYPES = YES;
				CLANG_WARN_SUSPICIOUS_MOVE = YES;
				CLANG_WARN_UNGUARDED_AVAILABILITY = YES_AGGRESSIVE;
				CLANG_WARN_UNREACHABLE_CODE = YES;
				CLANG_WARN__DUPLICATE_METHOD_MATCH = YES;
				COPY_PHASE_STRIP = NO;
				DEBUG_INFORMATION_FORMAT = "dwarf-with-dsym";
				ENABLE_NS_ASSERTIONS = NO;
				ENABLE_STRICT_OBJC_MSGSEND = YES;
				GCC_C_LANGUAGE_STANDARD = gnu11;
				GCC_NO_COMMON_BLOCKS = YES;
				GCC_WARN_64_TO_32_BIT_CONVERSION = YES;
				GCC_WARN_ABOUT_RETURN_TYPE = YES_ERROR;
				GCC_WARN_UNDECLARED_SELECTOR = YES;
				GCC_WARN_UNINITIALIZED_AUTOS = YES_AGGRESSIVE;
				GCC_WARN_UNUSED_FUNCTION = YES;
				GCC_WARN_UNUSED_VARIABLE = YES;
				IPHONEOS_DEPLOYMENT_TARGET = 15.5;
				MTL_ENABLE_DEBUG_INFO = NO;
				MTL_FAST_MATH = YES;
				SDKROOT = iphoneos;
				SWIFT_COMPILATION_MODE = wholemodule;
				SWIFT_OPTIMIZATION_LEVEL = "-O";
				VALIDATE_PRODUCT = YES;
			};
			name = Release;
		};
		A4C2C3082887E33000196453 /* Debug */ = {
			isa = XCBuildConfiguration;
			buildSettings = {
				ASSETCATALOG_COMPILER_APPICON_NAME = AppIcon;
				ASSETCATALOG_COMPILER_GLOBAL_ACCENT_COLOR_NAME = AccentColor;
				CODE_SIGN_STYLE = Automatic;
				CURRENT_PROJECT_VERSION = 1;
				GENERATE_INFOPLIST_FILE = YES;
				INFOPLIST_FILE = prework/Info.plist;
				INFOPLIST_KEY_UIApplicationSupportsIndirectInputEvents = YES;
				INFOPLIST_KEY_UILaunchStoryboardName = LaunchScreen;
				INFOPLIST_KEY_UIMainStoryboardFile = Main;
				INFOPLIST_KEY_UISupportedInterfaceOrientations_iPad = "UIInterfaceOrientationPortrait UIInterfaceOrientationPortraitUpsideDown UIInterfaceOrientationLandscapeLeft UIInterfaceOrientationLandscapeRight";
				INFOPLIST_KEY_UISupportedInterfaceOrientations_iPhone = "UIInterfaceOrientationPortrait UIInterfaceOrientationLandscapeLeft UIInterfaceOrientationLandscapeRight";
				LD_RUNPATH_SEARCH_PATHS = (
					"$(inherited)",
					"@executable_path/Frameworks",
				);
				MARKETING_VERSION = 1.0;
				PRODUCT_BUNDLE_IDENTIFIER = memo.com.prework;
				PRODUCT_NAME = "$(TARGET_NAME)";
				SWIFT_EMIT_LOC_STRINGS = YES;
				SWIFT_VERSION = 5.0;
				TARGETED_DEVICE_FAMILY = "1,2";
			};
			name = Debug;
		};
		A4C2C3092887E33000196453 /* Release */ = {
			isa = XCBuildConfiguration;
			buildSettings = {
				ASSETCATALOG_COMPILER_APPICON_NAME = AppIcon;
				ASSETCATALOG_COMPILER_GLOBAL_ACCENT_COLOR_NAME = AccentColor;
				CODE_SIGN_STYLE = Automatic;
				CURRENT_PROJECT_VERSION = 1;
				GENERATE_INFOPLIST_FILE = YES;
				INFOPLIST_FILE = prework/Info.plist;
				INFOPLIST_KEY_UIApplicationSupportsIndirectInputEvents = YES;
				INFOPLIST_KEY_UILaunchStoryboardName = LaunchScreen;
				INFOPLIST_KEY_UIMainStoryboardFile = Main;
				INFOPLIST_KEY_UISupportedInterfaceOrientations_iPad = "UIInterfaceOrientationPortrait UIInterfaceOrientationPortraitUpsideDown UIInterfaceOrientationLandscapeLeft UIInterfaceOrientationLandscapeRight";
				INFOPLIST_KEY_UISupportedInterfaceOrientations_iPhone = "UIInterfaceOrientationPortrait UIInterfaceOrientationLandscapeLeft UIInterfaceOrientationLandscapeRight";
				LD_RUNPATH_SEARCH_PATHS = (
					"$(inherited)",
					"@executable_path/Frameworks",
				);
				MARKETING_VERSION = 1.0;
				PRODUCT_BUNDLE_IDENTIFIER = memo.com.prework;
				PRODUCT_NAME = "$(TARGET_NAME)";
				SWIFT_EMIT_LOC_STRINGS = YES;
				SWIFT_VERSION = 5.0;
				TARGETED_DEVICE_FAMILY = "1,2";
			};
			name = Release;
		};
		A4C2C30B2887E33000196453 /* Debug */ = {
			isa = XCBuildConfiguration;
			buildSettings = {
				ALWAYS_EMBED_SWIFT_STANDARD_LIBRARIES = YES;
				BUNDLE_LOADER = "$(TEST_HOST)";
				CODE_SIGN_STYLE = Automatic;
				CURRENT_PROJECT_VERSION = 1;
				GENERATE_INFOPLIST_FILE = YES;
				IPHONEOS_DEPLOYMENT_TARGET = 15.5;
				MARKETING_VERSION = 1.0;
				PRODUCT_BUNDLE_IDENTIFIER = memo.com.preworkTests;
				PRODUCT_NAME = "$(TARGET_NAME)";
				SWIFT_EMIT_LOC_STRINGS = NO;
				SWIFT_VERSION = 5.0;
				TARGETED_DEVICE_FAMILY = "1,2";
				TEST_HOST = "$(BUILT_PRODUCTS_DIR)/prework.app/prework";
			};
			name = Debug;
		};
		A4C2C30C2887E33000196453 /* Release */ = {
			isa = XCBuildConfiguration;
			buildSettings = {
				ALWAYS_EMBED_SWIFT_STANDARD_LIBRARIES = YES;
				BUNDLE_LOADER = "$(TEST_HOST)";
				CODE_SIGN_STYLE = Automatic;
				CURRENT_PROJECT_VERSION = 1;
				GENERATE_INFOPLIST_FILE = YES;
				IPHONEOS_DEPLOYMENT_TARGET = 15.5;
				MARKETING_VERSION = 1.0;
				PRODUCT_BUNDLE_IDENTIFIER = memo.com.preworkTests;
				PRODUCT_NAME = "$(TARGET_NAME)";
				SWIFT_EMIT_LOC_STRINGS = NO;
				SWIFT_VERSION = 5.0;
				TARGETED_DEVICE_FAMILY = "1,2";
				TEST_HOST = "$(BUILT_PRODUCTS_DIR)/prework.app/prework";
			};
			name = Release;
		};
		A4C2C30E2887E33000196453 /* Debug */ = {
			isa = XCBuildConfiguration;
			buildSettings = {
				ALWAYS_EMBED_SWIFT_STANDARD_LIBRARIES = YES;
				CODE_SIGN_STYLE = Automatic;
				CURRENT_PROJECT_VERSION = 1;
				GENERATE_INFOPLIST_FILE = YES;
				MARKETING_VERSION = 1.0;
				PRODUCT_BUNDLE_IDENTIFIER = memo.com.preworkUITests;
				PRODUCT_NAME = "$(TARGET_NAME)";
				SWIFT_EMIT_LOC_STRINGS = NO;
				SWIFT_VERSION = 5.0;
				TARGETED_DEVICE_FAMILY = "1,2";
				TEST_TARGET_NAME = prework;
			};
			name = Debug;
		};
		A4C2C30F2887E33000196453 /* Release */ = {
			isa = XCBuildConfiguration;
			buildSettings = {
				ALWAYS_EMBED_SWIFT_STANDARD_LIBRARIES = YES;
				CODE_SIGN_STYLE = Automatic;
				CURRENT_PROJECT_VERSION = 1;
				GENERATE_INFOPLIST_FILE = YES;
				MARKETING_VERSION = 1.0;
				PRODUCT_BUNDLE_IDENTIFIER = memo.com.preworkUITests;
				PRODUCT_NAME = "$(TARGET_NAME)";
				SWIFT_EMIT_LOC_STRINGS = NO;
				SWIFT_VERSION = 5.0;
				TARGETED_DEVICE_FAMILY = "1,2";
				TEST_TARGET_NAME = prework;
			};
			name = Release;
		};
/* End XCBuildConfiguration section */

/* Begin XCConfigurationList section */
		A4C2C2D82887E32E00196453 /* Build configuration list for PBXProject "prework" */ = {
			isa = XCConfigurationList;
			buildConfigurations = (
				A4C2C3052887E33000196453 /* Debug */,
				A4C2C3062887E33000196453 /* Release */,
			);
			defaultConfigurationIsVisible = 0;
			defaultConfigurationName = Release;
		};
		A4C2C3072887E33000196453 /* Build configuration list for PBXNativeTarget "prework" */ = {
			isa = XCConfigurationList;
			buildConfigurations = (
				A4C2C3082887E33000196453 /* Debug */,
				A4C2C3092887E33000196453 /* Release */,
			);
			defaultConfigurationIsVisible = 0;
			defaultConfigurationName = Release;
		};
		A4C2C30A2887E33000196453 /* Build configuration list for PBXNativeTarget "preworkTests" */ = {
			isa = XCConfigurationList;
			buildConfigurations = (
				A4C2C30B2887E33000196453 /* Debug */,
				A4C2C30C2887E33000196453 /* Release */,
			);
			defaultConfigurationIsVisible = 0;
			defaultConfigurationName = Release;
		};
		A4C2C30D2887E33000196453 /* Build configuration list for PBXNativeTarget "preworkUITests" */ = {
			isa = XCConfigurationList;
			buildConfigurations = (
				A4C2C30E2887E33000196453 /* Debug */,
				A4C2C30F2887E33000196453 /* Release */,
			);
			defaultConfigurationIsVisible = 0;
			defaultConfigurationName = Release;
		};
/* End XCConfigurationList section */
	};
	rootObject = A4C2C2D52887E32E00196453 /* Project object */;
}
